
Microsoft Visual Studio Solution File, Format Version 12.00
Project("{FAE04EC0-301F-11D3-BF4B-00C04F79EFBC}") = "Test_Nuget", "Test_Nuget\Test_Nuget.csproj", "{FBBEB500-7C83-47E1-9E50-988D576C9A32}"
EndProject
Global
	GlobalSection(SolutionConfigurationPlatforms) = preSolution
		Debug|Any CPU = Debug|Any CPU
		Release|Any CPU = Release|Any CPU
	EndGlobalSection
	GlobalSection(ProjectConfigurationPlatforms) = postSolution
		{FBBEB500-7C83-47E1-9E50-988D576C9A32}.Debug|Any CPU.ActiveCfg = Debug|Any CPU
		{FBBEB500-7C83-47E1-9E50-988D576C9A32}.Debug|Any CPU.Build.0 = Debug|Any CPU
		{FBBEB500-7C83-47E1-9E50-988D576C9A32}.Release|Any CPU.ActiveCfg = Release|Any CPU
		{FBBEB500-7C83-47E1-9E50-988D576C9A32}.Release|Any CPU.Build.0 = Release|Any CPU
	EndGlobalSection
EndGlobal
